
Microsoft Visual Studio Solution File, Format Version 12.00
# Visual Studio Version 17
VisualStudioVersion = 17.14.36915.13 d17.14
MinimumVisualStudioVersion = 10.0.40219.1
Project("{FAE04EC0-301F-11D3-BF4B-00C04F79EFBC}") = "DotNet_API_28", "DotNet_API_28\DotNet_API_28.csproj", "{050DE05C-2C5D-47E7-90C5-8E9C46EA3938}"
EndProject
Global
	GlobalSection(SolutionConfigurationPlatforms) = preSolution
		Debug|Any CPU = Debug|Any CPU
		Release|Any CPU = Release|Any CPU
	EndGlobalSection
	GlobalSection(ProjectConfigurationPlatforms) = postSolution
		{050DE05C-2C5D-47E7-90C5-8E9C46EA3938}.Debug|Any CPU.ActiveCfg = Debug|Any CPU
		{050DE05C-2C5D-47E7-90C5-8E9C46EA3938}.Debug|Any CPU.Build.0 = Debug|Any CPU
		{050DE05C-2C5D-47E7-90C5-8E9C46EA3938}.Release|Any CPU.ActiveCfg = Release|Any CPU
		{050DE05C-2C5D-47E7-90C5-8E9C46EA3938}.Release|Any CPU.Build.0 = Release|Any CPU
	EndGlobalSection
	GlobalSection(SolutionProperties) = preSolution
		HideSolutionNode = FALSE
	EndGlobalSection
	GlobalSection(ExtensibilityGlobals) = postSolution
		SolutionGuid = {4669462B-5363-46C8-A367-94C72598F9BB}
	EndGlobalSection
EndGlobal
